<?xml version="1.0" encoding="utf-8"?>
<Project ToolsVersion="4.0" xmlns="http://schemas.microsoft.com/developer/msbuild/2003">
  <ItemGroup>
    <Filter Include="res">
      <UniqueIdentifier>{8ce8e8ed-8b3d-4e4a-b7c4-bef996fe24b8}</UniqueIdentifier>
      <ParseFiles>false</ParseFiles>
      <SourceControlFiles>False</SourceControlFiles>
    </Filter>
    <Filter Include="src">
      <UniqueIdentifier>{3e9224d5-33ad-4448-b410-12eccb685732}</UniqueIdentifier>
    </Filter>
    <Filter Include="src\core">
      <UniqueIdentifier>{b04734ea-52ac-49eb-a19f-ae4f6cf0476c}</UniqueIdentifier>
    </Filter>
  </ItemGroup>
  <ItemGroup>
    <ClCompile Include="src\core\Input.cpp">
      <Filter>src\core</Filter>
    </ClCompile>
    <ClCompile Include="src\core\ProfileTimer.cpp">
      <Filter>src\core</Filter>
    </ClCompile>
    <ClCompile Include="src\core\Mesh.cpp">
      <Filter>src\core</Filter>
    </ClCompile>
    <ClCompile Include="src\core\Shader.cpp">
      <Filter>src\core</Filter>
    </ClCompile>
    <ClCompile Include="src\core\Texture.cpp">
      <Filter>src\core</Filter>
    </ClCompile>
    <ClCompile Include="src\core\Transform.cpp">
      <Filter>src\core</Filter>
    </ClCompile>
    <ClCompile Include="src\core\Window.cpp">
      <Filter>src\core</Filter>
    </ClCompile>
    <ClCompile Include="src\core\FreeLook.cpp">
      <Filter>src\core</Filter>
    </ClCompile>
    <ClCompile Include="src\core\main.cpp">
      <Filter>src\core</Filter>
    </ClCompile>
    <ClCompile Include="src\core\Display.cpp">
      <Filter>src\core</Filter>
    </ClCompile>
    <ClCompile Include="src\core\obj_loader.cpp">
      <Filter>src\core</Filter>
    </ClCompile>
    <ClCompile Include="src\core\stb_image.c">
      <Filter>src\core</Filter>
    </ClCompile>
    <ClCompile Include="src\core\sdl_backend.cpp">
      <Filter>src\core</Filter>
    </ClCompile>
    <ClCompile Include="src\core\GameObject.cpp">
      <Filter>src\core</Filter>
    </ClCompile>
    <ClCompile Include="src\core\Time.cpp">
      <Filter>src\core</Filter>
    </ClCompile>
  </ItemGroup>
  <ItemGroup>
    <ClInclude Include="src\core\Input.h">
      <Filter>src\core</Filter>
    </ClInclude>
    <ClInclude Include="src\core\ProfileTimer.h">
      <Filter>src\core</Filter>
    </ClInclude>
    <ClInclude Include="src\core\Camera.h">
      <Filter>src\core</Filter>
    </ClInclude>
    <ClInclude Include="src\core\Mesh.h">
      <Filter>src\core</Filter>
    </ClInclude>
    <ClInclude Include="src\core\Shader.h">
      <Filter>src\core</Filter>
    </ClInclude>
    <ClInclude Include="src\core\Texture.h">
      <Filter>src\core</Filter>
    </ClInclude>
    <ClInclude Include="src\core\Transform.h">
      <Filter>src\core</Filter>
    </ClInclude>
    <ClInclude Include="src\core\Window.h">
      <Filter>src\core</Filter>
    </ClInclude>
    <ClInclude Include="src\core\FreeLook.h">
      <Filter>src\core</Filter>
    </ClInclude>
    <ClInclude Include="src\core\Display.h">
      <Filter>src\core</Filter>
    </ClInclude>
    <ClInclude Include="src\core\obj_loader.h">
      <Filter>src\core</Filter>
    </ClInclude>
    <ClInclude Include="src\core\stb_image.h">
      <Filter>src\core</Filter>
    </ClInclude>
    <ClInclude Include="src\core\sdl_backend.h">
      <Filter>src\core</Filter>
    </ClInclude>
    <ClInclude Include="src\core\GameComponent.h">
      <Filter>src\core</Filter>
    </ClInclude>
    <ClInclude Include="src\core\GameObject.h">
      <Filter>src\core</Filter>
    </ClInclude>
    <ClInclude Include="src\core\Time.h">
      <Filter>src\core</Filter>
    </ClInclude>
    <ClInclude Include="src\core\Tools.h">
      <Filter>src\core</Filter>
    </ClInclude>
  </ItemGroup>
  <ItemGroup>
    <None Include="res\basicShader.vs">
      <Filter>res</Filter>
    </None>
    <None Include="res\basicShader.fs">
      <Filter>res</Filter>
    </None>
  </ItemGroup>
  <ItemGroup>
    <Image Include="res\bricks.jpg">
      <Filter>res</Filter>
    </Image>
    <Image Include="res\Rusted_Steel.jpg">
      <Filter>res</Filter>
    </Image>
  </ItemGroup>
  <ItemGroup>
    <Object Include="res\monkey3.obj">
      <Filter>res</Filter>
    </Object>
    <Object Include="res\stall.obj">
      <Filter>res</Filter>
    </Object>
    <Object Include="res\Eiffel.obj">
      <Filter>res</Filter>
    </Object>
    <Object Include="res\F-15C_Eagle.obj">
      <Filter>res</Filter>
    </Object>
    <Object Include="res\Su-27_Flanker.obj">
      <Filter>res</Filter>
    </Object>
  </ItemGroup>
</Project>